// !$*UTF8*$!
{
	archiveVersion = 1;
	classes = {
	};
	objectVersion = 56;
	objects = {

/* Begin PBXBuildFile section */
		A1000001000000000000001 /* ReSketchApp.swift in Sources */ = {isa = PBXBuildFile; fileRef = A1000002000000000000001 /* ReSketchApp.swift */; };
		A1000003000000000000001 /* ContentView.swift in Sources */ = {isa = PBXBuildFile; fileRef = A1000004000000000000001 /* ContentView.swift */; };
		A1000005000000000000001 /* DrawingScreen.swift in Sources */ = {isa = PBXBuildFile; fileRef = A1000006000000000000001 /* DrawingScreen.swift */; };
		A1000007000000000000001 /* PencilCanvasRepresentable.swift in Sources */ = {isa = PBXBuildFile; fileRef = A1000008000000000000001 /* PencilCanvasRepresentable.swift */; };
		A1000009000000000000001 /* Assets.xcassets in Resources */ = {isa = PBXBuildFile; fileRef = A1000010000000000000001 /* Assets.xcassets */; };
		A1000030000000000000001 /* GoogleService-Info.plist in Resources */ = {isa = PBXBuildFile; fileRef = A1000031000000000000001 /* GoogleService-Info.plist */; };
		A2000001000000000000001 /* User.swift in Sources */ = {isa = PBXBuildFile; fileRef = A2000002000000000000001 /* User.swift */; };
		A2000003000000000000001 /* Thread.swift in Sources */ = {isa = PBXBuildFile; fileRef = A2000004000000000000001 /* Thread.swift */; };
		A2000005000000000000001 /* Submission.swift in Sources */ = {isa = PBXBuildFile; fileRef = A2000006000000000000001 /* Submission.swift */; };
		A3000001000000000000001 /* AuthenticationManager.swift in Sources */ = {isa = PBXBuildFile; fileRef = A3000002000000000000001 /* AuthenticationManager.swift */; };
		A3000003000000000000001 /* ThreadManager.swift in Sources */ = {isa = PBXBuildFile; fileRef = A3000004000000000000001 /* ThreadManager.swift */; };
		A3000005000000000000001 /* SubmissionManager.swift in Sources */ = {isa = PBXBuildFile; fileRef = A3000006000000000000001 /* SubmissionManager.swift */; };
		A4000001000000000000001 /* AuthenticationView.swift in Sources */ = {isa = PBXBuildFile; fileRef = A4000002000000000000001 /* AuthenticationView.swift */; };
		A4000003000000000000001 /* FeedView.swift in Sources */ = {isa = PBXBuildFile; fileRef = A4000004000000000000001 /* FeedView.swift */; };
		A4000005000000000000001 /* ThreadDetailView.swift in Sources */ = {isa = PBXBuildFile; fileRef = A4000006000000000000001 /* ThreadDetailView.swift */; };
		A4000007000000000000001 /* CreateThreadView.swift in Sources */ = {isa = PBXBuildFile; fileRef = A4000008000000000000001 /* CreateThreadView.swift */; };
		A4000009000000000000001 /* CreateArtworkCanvas.swift in Sources */ = {isa = PBXBuildFile; fileRef = A4000010000000000000001 /* CreateArtworkCanvas.swift */; };
		A4000011000000000000001 /* ReSketchCanvasView.swift in Sources */ = {isa = PBXBuildFile; fileRef = A4000012000000000000001 /* ReSketchCanvasView.swift */; };
		FB001001000000000000001 /* FirebaseAuth in Frameworks */ = {isa = PBXBuildFile; productRef = FB001002000000000000001 /* FirebaseAuth */; };
		FB001003000000000000001 /* FirebaseFirestore in Frameworks */ = {isa = PBXBuildFile; productRef = FB001004000000000000001 /* FirebaseFirestore */; };
		FB001005000000000000001 /* FirebaseStorage in Frameworks */ = {isa = PBXBuildFile; productRef = FB001006000000000000001 /* FirebaseStorage */; };
/* End PBXBuildFile section */

/* Begin PBXFileReference section */
		A1000002000000000000001 /* ReSketchApp.swift */ = {isa = PBXFileReference; lastKnownFileType = sourcecode.swift; path = ReSketchApp.swift; sourceTree = "<group>"; };
		A1000004000000000000001 /* ContentView.swift */ = {isa = PBXFileReference; lastKnownFileType = sourcecode.swift; path = ContentView.swift; sourceTree = "<group>"; };
		A1000006000000000000001 /* DrawingScreen.swift */ = {isa = PBXFileReference; lastKnownFileType = sourcecode.swift; path = DrawingScreen.swift; sourceTree = "<group>"; };
		A1000008000000000000001 /* PencilCanvasRepresentable.swift */ = {isa = PBXFileReference; lastKnownFileType = sourcecode.swift; path = PencilCanvasRepresentable.swift; sourceTree = "<group>"; };
		A1000010000000000000001 /* Assets.xcassets */ = {isa = PBXFileReference; lastKnownFileType = folder.assetcatalog; path = Assets.xcassets; sourceTree = "<group>"; };
		A1000011000000000000001 /* ReSketch.app */ = {isa = PBXFileReference; explicitFileType = wrapper.application; includeInIndex = 0; path = ReSketch.app; sourceTree = BUILT_PRODUCTS_DIR; };
		A1000031000000000000001 /* GoogleService-Info.plist */ = {isa = PBXFileReference; lastKnownFileType = text.plist.xml; path = "GoogleService-Info.plist"; sourceTree = "<group>"; };
		A2000002000000000000001 /* User.swift */ = {isa = PBXFileReference; lastKnownFileType = sourcecode.swift; path = User.swift; sourceTree = "<group>"; };
		A2000004000000000000001 /* Thread.swift */ = {isa = PBXFileReference; lastKnownFileType = sourcecode.swift; path = Thread.swift; sourceTree = "<group>"; };
		A2000006000000000000001 /* Submission.swift */ = {isa = PBXFileReference; lastKnownFileType = sourcecode.swift; path = Submission.swift; sourceTree = "<group>"; };
		A3000002000000000000001 /* AuthenticationManager.swift */ = {isa = PBXFileReference; lastKnownFileType = sourcecode.swift; path = AuthenticationManager.swift; sourceTree = "<group>"; };
		A3000004000000000000001 /* ThreadManager.swift */ = {isa = PBXFileReference; lastKnownFileType = sourcecode.swift; path = ThreadManager.swift; sourceTree = "<group>"; };
		A3000006000000000000001 /* SubmissionManager.swift */ = {isa = PBXFileReference; lastKnownFileType = sourcecode.swift; path = SubmissionManager.swift; sourceTree = "<group>"; };
		A4000002000000000000001 /* AuthenticationView.swift */ = {isa = PBXFileReference; lastKnownFileType = sourcecode.swift; path = AuthenticationView.swift; sourceTree = "<group>"; };
		A4000004000000000000001 /* FeedView.swift */ = {isa = PBXFileReference; lastKnownFileType = sourcecode.swift; path = FeedView.swift; sourceTree = "<group>"; };
		A4000006000000000000001 /* ThreadDetailView.swift */ = {isa = PBXFileReference; lastKnownFileType = sourcecode.swift; path = ThreadDetailView.swift; sourceTree = "<group>"; };
		A4000008000000000000001 /* CreateThreadView.swift */ = {isa = PBXFileReference; lastKnownFileType = sourcecode.swift; path = CreateThreadView.swift; sourceTree = "<group>"; };
		A4000010000000000000001 /* CreateArtworkCanvas.swift */ = {isa = PBXFileReference; lastKnownFileType = sourcecode.swift; path = CreateArtworkCanvas.swift; sourceTree = "<group>"; };
		A4000012000000000000001 /* ReSketchCanvasView.swift */ = {isa = PBXFileReference; lastKnownFileType = sourcecode.swift; path = ReSketchCanvasView.swift; sourceTree = "<group>"; };
/* End PBXFileReference section */

/* Begin PBXFrameworksBuildPhase section */
		A1000012000000000000001 /* Frameworks */ = {
			isa = PBXFrameworksBuildPhase;
			buildActionMask = 2147483647;
			files = (
				FB001001000000000000001 /* FirebaseAuth in Frameworks */,
				FB001003000000000000001 /* FirebaseFirestore in Frameworks */,
				FB001005000000000000001 /* FirebaseStorage in Frameworks */,
			);
			runOnlyForDeploymentPostprocessing = 0;
		};
/* End PBXFrameworksBuildPhase section */

/* Begin PBXGroup section */
		A1000013000000000000001 = {
			isa = PBXGroup;
			children = (
				A1000014000000000000001 /* ReSketch */,
				A1000015000000000000001 /* Products */,
			);
			sourceTree = "<group>";
		};
		A1000014000000000000001 /* ReSketch */ = {
			isa = PBXGroup;
			children = (
				A1000002000000000000001 /* ReSketchApp.swift */,
				A1000004000000000000001 /* ContentView.swift */,
				A1000006000000000000001 /* DrawingScreen.swift */,
				A1000008000000000000001 /* PencilCanvasRepresentable.swift */,
				A2000010000000000000001 /* Models */,
				A3000010000000000000001 /* Services */,
				A4000020000000000000001 /* Views */,
				A1000010000000000000001 /* Assets.xcassets */,
				A1000031000000000000001 /* GoogleService-Info.plist */,
			);
			path = ReSketch;
			sourceTree = "<group>";
		};
		A1000015000000000000001 /* Products */ = {
			isa = PBXGroup;
			children = (
				A1000011000000000000001 /* ReSketch.app */,
			);
			name = Products;
			sourceTree = "<group>";
		};
		A2000010000000000000001 /* Models */ = {
			isa = PBXGroup;
			children = (
				A2000002000000000000001 /* User.swift */,
				A2000004000000000000001 /* Thread.swift */,
				A2000006000000000000001 /* Submission.swift */,
			);
			path = Models;
			sourceTree = "<group>";
		};
		A3000010000000000000001 /* Services */ = {
			isa = PBXGroup;
			children = (
				A3000002000000000000001 /* AuthenticationManager.swift */,
				A3000004000000000000001 /* ThreadManager.swift */,
				A3000006000000000000001 /* SubmissionManager.swift */,
			);
			path = Services;
			sourceTree = "<group>";
		};
		A4000020000000000000001 /* Views */ = {
			isa = PBXGroup;
			children = (
				A4000002000000000000001 /* AuthenticationView.swift */,
				A4000004000000000000001 /* FeedView.swift */,
				A4000006000000000000001 /* ThreadDetailView.swift */,
				A4000008000000000000001 /* CreateThreadView.swift */,
				A4000010000000000000001 /* CreateArtworkCanvas.swift */,
				A4000012000000000000001 /* ReSketchCanvasView.swift */,
			);
			path = Views;
			sourceTree = "<group>";
		};
/* End PBXGroup section */

/* Begin PBXNativeTarget section */
		A1000016000000000000001 /* ReSketch */ = {
			isa = PBXNativeTarget;
			buildConfigurationList = A1000017000000000000001 /* Build configuration list for PBXNativeTarget "ReSketch" */;
			buildPhases = (
				A1000018000000000000001 /* Sources */,
				A1000012000000000000001 /* Frameworks */,
				A1000019000000000000001 /* Resources */,
			);
			buildRules = (
			);
			dependencies = (
			);
			name = ReSketch;
			packageProductDependencies = (
				FB001002000000000000001 /* FirebaseAuth */,
				FB001004000000000000001 /* FirebaseFirestore */,
				FB001006000000000000001 /* FirebaseStorage */,
			);
			productName = ReSketch;
			productReference = A1000011000000000000001 /* ReSketch.app */;
			productType = "com.apple.product-type.application";
		};
/* End PBXNativeTarget section */

/* Begin PBXProject section */
		A1000020000000000000001 /* Project object */ = {
			isa = PBXProject;
			attributes = {
				BuildIndependentTargetsInParallel = 1;
				LastSwiftUpdateCheck = 1500;
				LastUpgradeCheck = 1500;
				TargetAttributes = {
					A1000016000000000000001 = {
						CreatedOnToolsVersion = 15.0;
					};
				};
			};
			buildConfigurationList = A1000021000000000000001 /* Build configuration list for PBXProject "ReSketch" */;
			compatibilityVersion = "Xcode 14.0";
			developmentRegion = en;
			hasScannedForEncodings = 0;
			knownRegions = (
				en,
				Base,
			);
			mainGroup = A1000013000000000000001;
			packageReferences = (
				6AA8BAA92E90651400869DBE /* XCRemoteSwiftPackageReference "firebase-ios-sdk" */,
			);
			productRefGroup = A1000015000000000000001 /* Products */;
			projectDirPath = "";
			projectRoot = "";
			targets = (
				A1000016000000000000001 /* ReSketch */,
			);
		};
/* End PBXProject section */

/* Begin PBXResourcesBuildPhase section */
		A1000019000000000000001 /* Resources */ = {
			isa = PBXResourcesBuildPhase;
			buildActionMask = 2147483647;
			files = (
				A1000009000000000000001 /* Assets.xcassets in Resources */,
				A1000030000000000000001 /* GoogleService-Info.plist in Resources */,
			);
			runOnlyForDeploymentPostprocessing = 0;
		};
/* End PBXResourcesBuildPhase section */

/* Begin PBXSourcesBuildPhase section */
		A1000018000000000000001 /* Sources */ = {
			isa = PBXSourcesBuildPhase;
			buildActionMask = 2147483647;
			files = (
				A1000003000000000000001 /* ContentView.swift in Sources */,
				A1000005000000000000001 /* DrawingScreen.swift in Sources */,
				A1000007000000000000001 /* PencilCanvasRepresentable.swift in Sources */,
				A1000001000000000000001 /* ReSketchApp.swift in Sources */,
				A2000001000000000000001 /* User.swift in Sources */,
				A2000003000000000000001 /* Thread.swift in Sources */,
				A2000005000000000000001 /* Submission.swift in Sources */,
				A3000001000000000000001 /* AuthenticationManager.swift in Sources */,
				A3000003000000000000001 /* ThreadManager.swift in Sources */,
				A3000005000000000000001 /* SubmissionManager.swift in Sources */,
				A4000001000000000000001 /* AuthenticationView.swift in Sources */,
				A4000003000000000000001 /* FeedView.swift in Sources */,
				A4000005000000000000001 /* ThreadDetailView.swift in Sources */,
				A4000007000000000000001 /* CreateThreadView.swift in Sources */,
				A4000009000000000000001 /* CreateArtworkCanvas.swift in Sources */,
				A4000011000000000000001 /* ReSketchCanvasView.swift in Sources */,
			);
			runOnlyForDeploymentPostprocessing = 0;
		};
/* End PBXSourcesBuildPhase section */

/* Begin XCBuildConfiguration section */
		A1000022000000000000001 /* Debug */ = {
			isa = XCBuildConfiguration;
			buildSettings = {
				ALWAYS_SEARCH_USER_PATHS = NO;
				ASSETCATALOG_COMPILER_GENERATE_SWIFT_ASSET_SYMBOL_EXTENSIONS = YES;
				CLANG_ANALYZER_NONNULL = YES;
				CLANG_ANALYZER_NUMBER_OBJECT_CONVERSION = YES_AGGRESSIVE;
				CLANG_CXX_LANGUAGE_STANDARD = "gnu++20";
				CLANG_ENABLE_MODULES = YES;
				CLANG_ENABLE_OBJC_ARC = YES;
				CLANG_ENABLE_OBJC_WEAK = YES;
				CLANG_WARN_BLOCK_CAPTURE_AUTORELEASING = YES;
				CLANG_WARN_BOOL_CONVERSION = YES;
				CLANG_WARN_COMMA = YES;
				CLANG_WARN_CONSTANT_CONVERSION = YES;
				CLANG_WARN_DEPRECATED_OBJC_IMPLEMENTATIONS = YES;
				CLANG_WARN_DIRECT_OBJC_ISA_USAGE = YES_ERROR;
				CLANG_WARN_DOCUMENTATION_COMMENTS = YES;
				CLANG_WARN_EMPTY_BODY = YES;
				CLANG_WARN_ENUM_CONVERSION = YES;
				CLANG_WARN_INFINITE_RECURSION = YES;
				CLANG_WARN_INT_CONVERSION = YES;
				CLANG_WARN_NON_LITERAL_NULL_CONVERSION = YES;
				CLANG_WARN_OBJC_IMPLICIT_RETAIN_SELF = YES;
				CLANG_WARN_OBJC_LITERAL_CONVERSION = YES;
				CLANG_WARN_OBJC_ROOT_CLASS = YES_ERROR;
				CLANG_WARN_QUOTED_INCLUDE_IN_FRAMEWORK_HEADER = YES;
				CLANG_WARN_RANGE_LOOP_ANALYSIS = YES;
				CLANG_WARN_STRICT_PROTOTYPES = YES;
				CLANG_WARN_SUSPICIOUS_MOVE = YES;
				CLANG_WARN_UNGUARDED_AVAILABILITY = YES_AGGRESSIVE;
				CLANG_WARN_UNREACHABLE_CODE = YES;
				CLANG_WARN__DUPLICATE_METHOD_MATCH = YES;
				COPY_PHASE_STRIP = NO;
				DEBUG_INFORMATION_FORMAT = dwarf;
				ENABLE_STRICT_OBJC_MSGSEND = YES;
				ENABLE_TESTABILITY = YES;
				ENABLE_USER_SCRIPT_SANDBOXING = YES;
				GCC_C_LANGUAGE_STANDARD = gnu17;
				GCC_DYNAMIC_NO_PIC = NO;
				GCC_NO_COMMON_BLOCKS = YES;
				GCC_OPTIMIZATION_LEVEL = 0;
				GCC_PREPROCESSOR_DEFINITIONS = (
					"DEBUG=1",
					"$(inherited)",
				);
				GCC_WARN_64_TO_32_BIT_CONVERSION = YES;
				GCC_WARN_ABOUT_RETURN_TYPE = YES_ERROR;
				GCC_WARN_UNDECLARED_SELECTOR = YES;
				GCC_WARN_UNINITIALIZED_AUTOS = YES_AGGRESSIVE;
				GCC_WARN_UNUSED_FUNCTION = YES;
				GCC_WARN_UNUSED_VARIABLE = YES;
				IPHONEOS_DEPLOYMENT_TARGET = 16.0;
				LOCALIZATION_PREFERS_STRING_CATALOGS = YES;
				MTL_ENABLE_DEBUG_INFO = INCLUDE_SOURCE;
				MTL_FAST_MATH = YES;
				ONLY_ACTIVE_ARCH = YES;
				SDKROOT = iphoneos;
				SWIFT_ACTIVE_COMPILATION_CONDITIONS = "DEBUG $(inherited)";
				SWIFT_OPTIMIZATION_LEVEL = "-Onone";
			};
			name = Debug;
		};
		A1000023000000000000001 /* Release */ = {
			isa = XCBuildConfiguration;
			buildSettings = {
				ALWAYS_SEARCH_USER_PATHS = NO;
				ASSETCATALOG_COMPILER_GENERATE_SWIFT_ASSET_SYMBOL_EXTENSIONS = YES;
				CLANG_ANALYZER_NONNULL = YES;
				CLANG_ANALYZER_NUMBER_OBJECT_CONVERSION = YES_AGGRESSIVE;
				CLANG_CXX_LANGUAGE_STANDARD = "gnu++20";
				CLANG_ENABLE_MODULES = YES;
				CLANG_ENABLE_OBJC_ARC = YES;
				CLANG_ENABLE_OBJC_WEAK = YES;
				CLANG_WARN_BLOCK_CAPTURE_AUTORELEASING = YES;
				CLANG_WARN_BOOL_CONVERSION = YES;
				CLANG_WARN_COMMA = YES;
				CLANG_WARN_CONSTANT_CONVERSION = YES;
				CLANG_WARN_DEPRECATED_OBJC_IMPLEMENTATIONS = YES;
				CLANG_WARN_DIRECT_OBJC_ISA_USAGE = YES_ERROR;
				CLANG_WARN_DOCUMENTATION_COMMENTS = YES;
				CLANG_WARN_EMPTY_BODY = YES;
				CLANG_WARN_ENUM_CONVERSION = YES;
				CLANG_WARN_INFINITE_RECURSION = YES;
				CLANG_WARN_INT_CONVERSION = YES;
				CLANG_WARN_NON_LITERAL_NULL_CONVERSION = YES;
				CLANG_WARN_OBJC_IMPLICIT_RETAIN_SELF = YES;
				CLANG_WARN_OBJC_LITERAL_CONVERSION = YES;
				CLANG_WARN_OBJC_ROOT_CLASS = YES_ERROR;
				CLANG_WARN_QUOTED_INCLUDE_IN_FRAMEWORK_HEADER = YES;
				CLANG_WARN_RANGE_LOOP_ANALYSIS = YES;
				CLANG_WARN_STRICT_PROTOTYPES = YES;
				CLANG_WARN_SUSPICIOUS_MOVE = YES;
				CLANG_WARN_UNGUARDED_AVAILABILITY = YES_AGGRESSIVE;
				CLANG_WARN_UNREACHABLE_CODE = YES;
				CLANG_WARN__DUPLICATE_METHOD_MATCH = YES;
				COPY_PHASE_STRIP = NO;
				DEBUG_INFORMATION_FORMAT = "dwarf-with-dsym";
				ENABLE_NS_ASSERTIONS = NO;
				ENABLE_STRICT_OBJC_MSGSEND = YES;
				ENABLE_USER_SCRIPT_SANDBOXING = YES;
				GCC_C_LANGUAGE_STANDARD = gnu17;
				GCC_NO_COMMON_BLOCKS = YES;
				GCC_WARN_64_TO_32_BIT_CONVERSION = YES;
				GCC_WARN_ABOUT_RETURN_TYPE = YES_ERROR;
				GCC_WARN_UNDECLARED_SELECTOR = YES;
				GCC_WARN_UNINITIALIZED_AUTOS = YES_AGGRESSIVE;
				GCC_WARN_UNUSED_FUNCTION = YES;
				GCC_WARN_UNUSED_VARIABLE = YES;
				IPHONEOS_DEPLOYMENT_TARGET = 16.0;
				LOCALIZATION_PREFERS_STRING_CATALOGS = YES;
				MTL_ENABLE_DEBUG_INFO = NO;
				MTL_FAST_MATH = YES;
				SDKROOT = iphoneos;
				SWIFT_COMPILATION_MODE = wholemodule;
				VALIDATE_PRODUCT = YES;
			};
			name = Release;
		};
		A1000024000000000000001 /* Debug */ = {
			isa = XCBuildConfiguration;
			buildSettings = {
				ASSETCATALOG_COMPILER_APPICON_NAME = AppIcon;
				ASSETCATALOG_COMPILER_GLOBAL_ACCENT_COLOR_NAME = AccentColor;
				CODE_SIGN_STYLE = Automatic;
				CURRENT_PROJECT_VERSION = 1;
				DEVELOPMENT_TEAM = "";
				ENABLE_PREVIEWS = YES;
				GENERATE_INFOPLIST_FILE = YES;
				INFOPLIST_KEY_NSCameraUsageDescription = "We use the camera to capture seed drawings.";
				INFOPLIST_KEY_NSPhotoLibraryAddUsageDescription = "We save your drawings to your photo library.";
				INFOPLIST_KEY_NSPhotoLibraryUsageDescription = "We access your photos to import a seed image.";
				INFOPLIST_KEY_UIApplicationSceneManifest_Generation = YES;
				INFOPLIST_KEY_UIApplicationSupportsIndirectInputEvents = YES;
				INFOPLIST_KEY_UILaunchScreen_Generation = YES;
				INFOPLIST_KEY_UISupportedInterfaceOrientations = "UIInterfaceOrientationLandscapeLeft UIInterfaceOrientationLandscapeRight UIInterfaceOrientationPortrait";
				INFOPLIST_KEY_UISupportedInterfaceOrientations_iPad = "UIInterfaceOrientationLandscapeLeft UIInterfaceOrientationLandscapeRight UIInterfaceOrientationPortrait UIInterfaceOrientationPortraitUpsideDown";
				LD_RUNPATH_SEARCH_PATHS = (
					"$(inherited)",
					"@executable_path/Frameworks",
				);
				MARKETING_VERSION = 1.0;
				PRODUCT_BUNDLE_IDENTIFIER = com.resketch.app;
				PRODUCT_NAME = "$(TARGET_NAME)";
				SUPPORTED_PLATFORMS = "iphoneos iphonesimulator";
				SUPPORTS_MACCATALYST = NO;
				SUPPORTS_MAC_DESIGNED_FOR_IPHONE_IPAD = NO;
				SUPPORTS_XR_DESIGNED_FOR_IPHONE_IPAD = NO;
				SWIFT_EMIT_LOC_STRINGS = YES;
				SWIFT_VERSION = 5.0;
				TARGETED_DEVICE_FAMILY = "1,2";
			};
			name = Debug;
		};
		A1000025000000000000001 /* Release */ = {
			isa = XCBuildConfiguration;
			buildSettings = {
				ASSETCATALOG_COMPILER_APPICON_NAME = AppIcon;
				ASSETCATALOG_COMPILER_GLOBAL_ACCENT_COLOR_NAME = AccentColor;
				CODE_SIGN_STYLE = Automatic;
				CURRENT_PROJECT_VERSION = 1;
				DEVELOPMENT_TEAM = "";
				ENABLE_PREVIEWS = YES;
				GENERATE_INFOPLIST_FILE = YES;
				INFOPLIST_KEY_NSCameraUsageDescription = "We use the camera to capture seed drawings.";
				INFOPLIST_KEY_NSPhotoLibraryAddUsageDescription = "We save your drawings to your photo library.";
				INFOPLIST_KEY_NSPhotoLibraryUsageDescription = "We access your photos to import a seed image.";
				INFOPLIST_KEY_UIApplicationSceneManifest_Generation = YES;
				INFOPLIST_KEY_UIApplicationSupportsIndirectInputEvents = YES;
				INFOPLIST_KEY_UILaunchScreen_Generation = YES;
				INFOPLIST_KEY_UISupportedInterfaceOrientations = "UIInterfaceOrientationLandscapeLeft UIInterfaceOrientationLandscapeRight UIInterfaceOrientationPortrait";
				INFOPLIST_KEY_UISupportedInterfaceOrientations_iPad = "UIInterfaceOrientationLandscapeLeft UIInterfaceOrientationLandscapeRight UIInterfaceOrientationPortrait UIInterfaceOrientationPortraitUpsideDown";
				LD_RUNPATH_SEARCH_PATHS = (
					"$(inherited)",
					"@executable_path/Frameworks",
				);
				MARKETING_VERSION = 1.0;
				PRODUCT_BUNDLE_IDENTIFIER = com.resketch.app;
				PRODUCT_NAME = "$(TARGET_NAME)";
				SUPPORTED_PLATFORMS = "iphoneos iphonesimulator";
				SUPPORTS_MACCATALYST = NO;
				SUPPORTS_MAC_DESIGNED_FOR_IPHONE_IPAD = NO;
				SUPPORTS_XR_DESIGNED_FOR_IPHONE_IPAD = NO;
				SWIFT_EMIT_LOC_STRINGS = YES;
				SWIFT_VERSION = 5.0;
				TARGETED_DEVICE_FAMILY = "1,2";
			};
			name = Release;
		};
/* End XCBuildConfiguration section */

/* Begin XCConfigurationList section */
		A1000017000000000000001 /* Build configuration list for PBXNativeTarget "ReSketch" */ = {
			isa = XCConfigurationList;
			buildConfigurations = (
				A1000024000000000000001 /* Debug */,
				A1000025000000000000001 /* Release */,
			);
			defaultConfigurationIsVisible = 0;
			defaultConfigurationName = Release;
		};
		A1000021000000000000001 /* Build configuration list for PBXProject "ReSketch" */ = {
			isa = XCConfigurationList;
			buildConfigurations = (
				A1000022000000000000001 /* Debug */,
				A1000023000000000000001 /* Release */,
			);
			defaultConfigurationIsVisible = 0;
			defaultConfigurationName = Release;
		};
/* End XCConfigurationList section */

/* Begin XCRemoteSwiftPackageReference section */
		6AA8BAA92E90651400869DBE /* XCRemoteSwiftPackageReference "firebase-ios-sdk" */ = {
			isa = XCRemoteSwiftPackageReference;
			repositoryURL = "https://github.com/firebase/firebase-ios-sdk";
			requirement = {
				kind = upToNextMajorVersion;
				minimumVersion = 12.3.0;
			};
		};
/* End XCRemoteSwiftPackageReference section */

/* Begin XCSwiftPackageProductDependency section */
		FB001002000000000000001 /* FirebaseAuth */ = {
			isa = XCSwiftPackageProductDependency;
			package = 6AA8BAA92E90651400869DBE /* XCRemoteSwiftPackageReference "firebase-ios-sdk" */;
			productName = FirebaseAuth;
		};
		FB001004000000000000001 /* FirebaseFirestore */ = {
			isa = XCSwiftPackageProductDependency;
			package = 6AA8BAA92E90651400869DBE /* XCRemoteSwiftPackageReference "firebase-ios-sdk" */;
			productName = FirebaseFirestore;
		};
		FB001006000000000000001 /* FirebaseStorage */ = {
			isa = XCSwiftPackageProductDependency;
			package = 6AA8BAA92E90651400869DBE /* XCRemoteSwiftPackageReference "firebase-ios-sdk" */;
			productName = FirebaseStorage;
		};
/* End XCSwiftPackageProductDependency section */
	};
	rootObject = A1000020000000000000001 /* Project object */;
}
